
Microsoft Visual Studio Solution File, Format Version 12.00
# Visual Studio Version 16
VisualStudioVersion = 16.0.30611.23
MinimumVisualStudioVersion = 10.0.40219.1
Project("{2150E333-8FDC-42A3-9474-1A3956D46DE8}") = "Console", "Console", "{3C67FA2C-3E15-49BF-9633-6B396B3643A5}"
EndProject
Project("{2150E333-8FDC-42A3-9474-1A3956D46DE8}") = "Windows", "Windows", "{FF3E571F-612E-4DB0-B765-78750A886AC3}"
EndProject
Project("{2150E333-8FDC-42A3-9474-1A3956D46DE8}") = "Base", "Base", "{FF8A2BCE-88D9-4F35-8271-A9162892EA14}"
EndProject
Project("{FAE04EC0-301F-11D3-BF4B-00C04F79EFBC}") = "Controller", "Controller\Controller.csproj", "{9FB0BAC7-67AB-43E3-9308-9E49E517F485}"
EndProject
Project("{FAE04EC0-301F-11D3-BF4B-00C04F79EFBC}") = "Model", "Model\Model.csproj", "{B6AB19BF-9BEF-4B42-96F6-9411B667CC12}"
EndProject
Project("{FAE04EC0-301F-11D3-BF4B-00C04F79EFBC}") = "View", "View\View.csproj", "{A6D152BB-C165-4FC7-88DB-B60765804448}"
EndProject
Project("{FAE04EC0-301F-11D3-BF4B-00C04F79EFBC}") = "ConsoleController", "ControllerConsole\ConsoleController.csproj", "{B717C0C5-467E-4903-9D33-964B5174ADFC}"
EndProject
Project("{FAE04EC0-301F-11D3-BF4B-00C04F79EFBC}") = "ConsoleView", "ConsoleView\ConsoleView.csproj", "{F305E120-3E9F-428A-B00C-42B222C6A4B2}"
EndProject
Project("{FAE04EC0-301F-11D3-BF4B-00C04F79EFBC}") = "ConsoleNohzdyve", "NohzdyveConsole\ConsoleNohzdyve.csproj", "{5476A57D-F4FD-4DF0-B91B-9E91EDDA9E10}"
EndProject
Project("{FAE04EC0-301F-11D3-BF4B-00C04F79EFBC}") = "WindowsController", "WindowsController\WindowsController.csproj", "{66E704E7-92DD-427B-AEBD-69FD333650D7}"
	ProjectSection(ProjectDependencies) = postProject
		{A283AE09-82F0-4934-B959-1FBC65EAC58D} = {A283AE09-82F0-4934-B959-1FBC65EAC58D}
		{A6D152BB-C165-4FC7-88DB-B60765804448} = {A6D152BB-C165-4FC7-88DB-B60765804448}
		{B6AB19BF-9BEF-4B42-96F6-9411B667CC12} = {B6AB19BF-9BEF-4B42-96F6-9411B667CC12}
		{9FB0BAC7-67AB-43E3-9308-9E49E517F485} = {9FB0BAC7-67AB-43E3-9308-9E49E517F485}
	EndProjectSection
EndProject
Project("{FAE04EC0-301F-11D3-BF4B-00C04F79EFBC}") = "WindowsView", "WindowsView\WindowsView.csproj", "{A283AE09-82F0-4934-B959-1FBC65EAC58D}"
	ProjectSection(ProjectDependencies) = postProject
		{A6D152BB-C165-4FC7-88DB-B60765804448} = {A6D152BB-C165-4FC7-88DB-B60765804448}
		{B6AB19BF-9BEF-4B42-96F6-9411B667CC12} = {B6AB19BF-9BEF-4B42-96F6-9411B667CC12}
	EndProjectSection
EndProject
Project("{FAE04EC0-301F-11D3-BF4B-00C04F79EFBC}") = "WindowsNohzdyve", "WindowsNohzdyve\WindowsNohzdyve.csproj", "{0B97C5E6-F3D4-45F2-8613-AC504468BED5}"
	ProjectSection(ProjectDependencies) = postProject
		{66E704E7-92DD-427B-AEBD-69FD333650D7} = {66E704E7-92DD-427B-AEBD-69FD333650D7}
	EndProjectSection
EndProject
Project("{FAE04EC0-301F-11D3-BF4B-00C04F79EFBC}") = "UnitTests", "UnitTests\UnitTests.csproj", "{437A5AD2-1099-4314-95F4-CB47A806987B}"
EndProject
Global
	GlobalSection(SolutionConfigurationPlatforms) = preSolution
		Debug|Any CPU = Debug|Any CPU
		Release|Any CPU = Release|Any CPU
	EndGlobalSection
	GlobalSection(ProjectConfigurationPlatforms) = postSolution
		{9FB0BAC7-67AB-43E3-9308-9E49E517F485}.Debug|Any CPU.ActiveCfg = Debug|Any CPU
		{9FB0BAC7-67AB-43E3-9308-9E49E517F485}.Debug|Any CPU.Build.0 = Debug|Any CPU
		{9FB0BAC7-67AB-43E3-9308-9E49E517F485}.Release|Any CPU.ActiveCfg = Release|Any CPU
		{9FB0BAC7-67AB-43E3-9308-9E49E517F485}.Release|Any CPU.Build.0 = Release|Any CPU
		{B6AB19BF-9BEF-4B42-96F6-9411B667CC12}.Debug|Any CPU.ActiveCfg = Debug|Any CPU
		{B6AB19BF-9BEF-4B42-96F6-9411B667CC12}.Debug|Any CPU.Build.0 = Debug|Any CPU
		{B6AB19BF-9BEF-4B42-96F6-9411B667CC12}.Release|Any CPU.ActiveCfg = Release|Any CPU
		{B6AB19BF-9BEF-4B42-96F6-9411B667CC12}.Release|Any CPU.Build.0 = Release|Any CPU
		{A6D152BB-C165-4FC7-88DB-B60765804448}.Debug|Any CPU.ActiveCfg = Debug|Any CPU
		{A6D152BB-C165-4FC7-88DB-B60765804448}.Debug|Any CPU.Build.0 = Debug|Any CPU
		{A6D152BB-C165-4FC7-88DB-B60765804448}.Release|Any CPU.ActiveCfg = Release|Any CPU
		{A6D152BB-C165-4FC7-88DB-B60765804448}.Release|Any CPU.Build.0 = Release|Any CPU
		{B717C0C5-467E-4903-9D33-964B5174ADFC}.Debug|Any CPU.ActiveCfg = Debug|Any CPU
		{B717C0C5-467E-4903-9D33-964B5174ADFC}.Debug|Any CPU.Build.0 = Debug|Any CPU
		{B717C0C5-467E-4903-9D33-964B5174ADFC}.Release|Any CPU.ActiveCfg = Release|Any CPU
		{B717C0C5-467E-4903-9D33-964B5174ADFC}.Release|Any CPU.Build.0 = Release|Any CPU
		{F305E120-3E9F-428A-B00C-42B222C6A4B2}.Debug|Any CPU.ActiveCfg = Debug|Any CPU
		{F305E120-3E9F-428A-B00C-42B222C6A4B2}.Debug|Any CPU.Build.0 = Debug|Any CPU
		{F305E120-3E9F-428A-B00C-42B222C6A4B2}.Release|Any CPU.ActiveCfg = Release|Any CPU
		{F305E120-3E9F-428A-B00C-42B222C6A4B2}.Release|Any CPU.Build.0 = Release|Any CPU
		{5476A57D-F4FD-4DF0-B91B-9E91EDDA9E10}.Debug|Any CPU.ActiveCfg = Debug|Any CPU
		{5476A57D-F4FD-4DF0-B91B-9E91EDDA9E10}.Debug|Any CPU.Build.0 = Debug|Any CPU
		{5476A57D-F4FD-4DF0-B91B-9E91EDDA9E10}.Release|Any CPU.ActiveCfg = Release|Any CPU
		{5476A57D-F4FD-4DF0-B91B-9E91EDDA9E10}.Release|Any CPU.Build.0 = Release|Any CPU
		{66E704E7-92DD-427B-AEBD-69FD333650D7}.Debug|Any CPU.ActiveCfg = Debug|Any CPU
		{66E704E7-92DD-427B-AEBD-69FD333650D7}.Debug|Any CPU.Build.0 = Debug|Any CPU
		{66E704E7-92DD-427B-AEBD-69FD333650D7}.Release|Any CPU.ActiveCfg = Release|Any CPU
		{66E704E7-92DD-427B-AEBD-69FD333650D7}.Release|Any CPU.Build.0 = Release|Any CPU
		{A283AE09-82F0-4934-B959-1FBC65EAC58D}.Debug|Any CPU.ActiveCfg = Debug|Any CPU
		{A283AE09-82F0-4934-B959-1FBC65EAC58D}.Debug|Any CPU.Build.0 = Debug|Any CPU
		{A283AE09-82F0-4934-B959-1FBC65EAC58D}.Release|Any CPU.ActiveCfg = Release|Any CPU
		{A283AE09-82F0-4934-B959-1FBC65EAC58D}.Release|Any CPU.Build.0 = Release|Any CPU
		{0B97C5E6-F3D4-45F2-8613-AC504468BED5}.Debug|Any CPU.ActiveCfg = Debug|Any CPU
		{0B97C5E6-F3D4-45F2-8613-AC504468BED5}.Debug|Any CPU.Build.0 = Debug|Any CPU
		{0B97C5E6-F3D4-45F2-8613-AC504468BED5}.Release|Any CPU.ActiveCfg = Release|Any CPU
		{0B97C5E6-F3D4-45F2-8613-AC504468BED5}.Release|Any CPU.Build.0 = Release|Any CPU
		{437A5AD2-1099-4314-95F4-CB47A806987B}.Debug|Any CPU.ActiveCfg = Debug|Any CPU
		{437A5AD2-1099-4314-95F4-CB47A806987B}.Debug|Any CPU.Build.0 = Debug|Any CPU
		{437A5AD2-1099-4314-95F4-CB47A806987B}.Release|Any CPU.ActiveCfg = Release|Any CPU
		{437A5AD2-1099-4314-95F4-CB47A806987B}.Release|Any CPU.Build.0 = Release|Any CPU
	EndGlobalSection
	GlobalSection(SolutionProperties) = preSolution
		HideSolutionNode = FALSE
	EndGlobalSection
	GlobalSection(NestedProjects) = preSolution
		{9FB0BAC7-67AB-43E3-9308-9E49E517F485} = {FF8A2BCE-88D9-4F35-8271-A9162892EA14}
		{B6AB19BF-9BEF-4B42-96F6-9411B667CC12} = {FF8A2BCE-88D9-4F35-8271-A9162892EA14}
		{A6D152BB-C165-4FC7-88DB-B60765804448} = {FF8A2BCE-88D9-4F35-8271-A9162892EA14}
		{B717C0C5-467E-4903-9D33-964B5174ADFC} = {3C67FA2C-3E15-49BF-9633-6B396B3643A5}
		{F305E120-3E9F-428A-B00C-42B222C6A4B2} = {3C67FA2C-3E15-49BF-9633-6B396B3643A5}
		{5476A57D-F4FD-4DF0-B91B-9E91EDDA9E10} = {3C67FA2C-3E15-49BF-9633-6B396B3643A5}
		{66E704E7-92DD-427B-AEBD-69FD333650D7} = {FF3E571F-612E-4DB0-B765-78750A886AC3}
		{A283AE09-82F0-4934-B959-1FBC65EAC58D} = {FF3E571F-612E-4DB0-B765-78750A886AC3}
		{0B97C5E6-F3D4-45F2-8613-AC504468BED5} = {FF3E571F-612E-4DB0-B765-78750A886AC3}
		{437A5AD2-1099-4314-95F4-CB47A806987B} = {FF8A2BCE-88D9-4F35-8271-A9162892EA14}
	EndGlobalSection
	GlobalSection(ExtensibilityGlobals) = postSolution
		SolutionGuid = {41E0F416-3877-4AEE-8BC3-111CF773413A}
	EndGlobalSection
EndGlobal
